
Microsoft Visual Studio Solution File, Format Version 12.00
# Visual Studio Version 17
VisualStudioVersion = 17.9.34728.123
MinimumVisualStudioVersion = 10.0.40219.1
Project("{9A19103F-16F7-4668-BE54-9A1E7A4F7556}") = "RS.Mayday.Toulou", "RS.Mayday.Toulou.csproj", "{8379E3E5-1554-423A-8E72-E49F63703659}"
EndProject
Global
	GlobalSection(SolutionConfigurationPlatforms) = preSolution
		Debug|Any CPU = Debug|Any CPU
		Release|Any CPU = Release|Any CPU
	EndGlobalSection
	GlobalSection(ProjectConfigurationPlatforms) = postSolution
		{8379E3E5-1554-423A-8E72-E49F63703659}.Debug|Any CPU.ActiveCfg = Debug|Any CPU
		{8379E3E5-1554-423A-8E72-E49F63703659}.Debug|Any CPU.Build.0 = Debug|Any CPU
		{8379E3E5-1554-423A-8E72-E49F63703659}.Release|Any CPU.ActiveCfg = Release|Any CPU
		{8379E3E5-1554-423A-8E72-E49F63703659}.Release|Any CPU.Build.0 = Release|Any CPU
	EndGlobalSection
	GlobalSection(SolutionProperties) = preSolution
		HideSolutionNode = FALSE
	EndGlobalSection
	GlobalSection(ExtensibilityGlobals) = postSolution
		SolutionGuid = {B3ED4ADC-3016-41AD-ABE9-F204A191DEB9}
	EndGlobalSection
EndGlobal
